# Generated by pub
# See https://dart.dev/tools/pub/glossary#lockfile
packages:
  characters:
    dependency: transitive
    description:
      name: characters
      sha256: f71061c654a3380576a52b451dd5532377954cf9dbd272a78fc8479606670803
      url: "https://pub.dev"
    source: hosted
    version: "1.4.0"
  cloud_firestore:
    dependency: "direct main"
    description:
      name: cloud_firestore
      sha256: "3e56724641b18986b09a14fd165a2058b48445340e595defc624a361cfff78b5"
      url: "https://pub.dev"
    source: hosted
    version: "1.0.1"
  cloud_firestore_platform_interface:
    dependency: transitive
    description:
      name: cloud_firestore_platform_interface
      sha256: "7bfb983a2149111301fdd625f34dab362b25d62bf94b5b59c2eaa2e2517fdd46"
      url: "https://pub.dev"
    source: hosted
    version: "4.0.0"
  cloud_firestore_web:
    dependency: transitive
    description:
      name: cloud_firestore_web
      sha256: fde7388d84ab7de423a112e18c3226c6458a4475e16ff6bb09f6c22fa5196042
      url: "https://pub.dev"
    source: hosted
    version: "1.0.1"
  collection:
    dependency: transitive
    description:
      name: collection
      sha256: "2f5709ae4d3d59dd8f7cd309b4e023046b57d8a6c82130785d2b0e5868084e76"
      url: "https://pub.dev"
    source: hosted
    version: "1.19.1"
  filesize_ns:
    dependency: "direct main"
    description:
      name: filesize_ns
      sha256: "9e7b72c8a81bde2a8cf7a2d8f569d508693bd6bff5f0ab3a10081984b62566cd"
      url: "https://pub.dev"
    source: hosted
    version: "1.1.0"
  firebase_core:
    dependency: transitive
    description:
      name: firebase_core
      sha256: "009cf8a0c6d12bd83032ccbfc443896c4dc12a7d94f684eb2a57054ce19ad972"
      url: "https://pub.dev"
    source: hosted
    version: "1.0.1"
  firebase_core_platform_interface:
    dependency: transitive
    description:
      name: firebase_core_platform_interface
      sha256: c8c6d394b2dcf84a00de9a67ce9fedfb29122137c65f33d8ce1a0a12c9ce2a25
      url: "https://pub.dev"
    source: hosted
    version: "4.0.0"
  firebase_core_web:
    dependency: transitive
    description:
      name: firebase_core_web
      sha256: "75b4346691d9384f540265d9ebcdbaf73ae8ecf011d4703900e1e21775d0e1d5"
      url: "https://pub.dev"
    source: hosted
    version: "1.0.1"
  flutter:
    dependency: "direct main"
    description: flutter
    source: sdk
    version: "0.0.0"
  flutter_web_plugins:
    dependency: transitive
    description: flutter
    source: sdk
    version: "0.0.0"
  js:
    dependency: transitive
    description:
      name: js
      sha256: d9bdfd70d828eeb352390f81b18d6a354ef2044aa28ef25682079797fa7cd174
      url: "https://pub.dev"
    source: hosted
    version: "0.6.3"
  material_color_utilities:
    dependency: transitive
    description:
      name: material_color_utilities
      sha256: f7142bb1154231d7ea5f96bc7bde4bda2a0945d2806bb11670e30b850d56bdec
      url: "https://pub.dev"
    source: hosted
    version: "0.11.1"
  meta:
    dependency: transitive
    description:
      name: meta
      sha256: "23f08335362185a5ea2ad3a4e597f1375e78bce8a040df5c600c8d3552ef2394"
      url: "https://pub.dev"
    source: hosted
    version: "1.17.0"
  plugin_platform_interface:
    dependency: transitive
    description:
      name: plugin_platform_interface
      sha256: c2c49e16d42fd6983eb55e44b7f197fdf16b4da7aab7f8e1d21da307cad3fb02
      url: "https://pub.dev"
    source: hosted
    version: "2.0.0"
  sky_engine:
    dependency: transitive
    description: flutter
    source: sdk
    version: "0.0.0"
  vector_math:
    dependency: transitive
    description:
      name: vector_math
      sha256: d530bd74fea330e6e364cda7a85019c434070188383e1cd8d9777ee586914c5b
      url: "https://pub.dev"
    source: hosted
    version: "2.2.0"
sdks:
  dart: ">=3.8.0-0 <4.0.0"
  flutter: ">=1.12.13+hotfix.5"
