# Generated by pub
# See https://dart.dev/tools/pub/glossary#lockfile
packages:
  characters:
    dependency: transitive
    description:
      name: characters
      sha256: "04a925763edad70e8443c99234dc3328f442e811f1d8fd1a72f1c8ad0f69a605"
      url: "https://pub.dev"
    source: hosted
    version: "1.3.0"
  cloud_firestore:
    dependency: "direct main"
    description:
      name: cloud_firestore
      sha256: "3e56724641b18986b09a14fd165a2058b48445340e595defc624a361cfff78b5"
      url: "https://pub.dev"
    source: hosted
    version: "1.0.1"
  cloud_firestore_platform_interface:
    dependency: transitive
    description:
      name: cloud_firestore_platform_interface
      sha256: "7bfb983a2149111301fdd625f34dab362b25d62bf94b5b59c2eaa2e2517fdd46"
      url: "https://pub.dev"
    source: hosted
    version: "4.0.0"
  cloud_firestore_web:
    dependency: transitive
    description:
      name: cloud_firestore_web
      sha256: fde7388d84ab7de423a112e18c3226c6458a4475e16ff6bb09f6c22fa5196042
      url: "https://pub.dev"
    source: hosted
    version: "1.0.1"
  collection:
    dependency: transitive
    description:
      name: collection
      sha256: ee67cb0715911d28db6bf4af1026078bd6f0128b07a5f66fb2ed94ec6783c09a
      url: "https://pub.dev"
    source: hosted
    version: "1.18.0"
  filesize_ns:
    dependency: "direct main"
    description:
      name: filesize_ns
      sha256: "9e7b72c8a81bde2a8cf7a2d8f569d508693bd6bff5f0ab3a10081984b62566cd"
      url: "https://pub.dev"
    source: hosted
    version: "1.1.0"
  firebase_core:
    dependency: transitive
    description:
      name: firebase_core
      sha256: "009cf8a0c6d12bd83032ccbfc443896c4dc12a7d94f684eb2a57054ce19ad972"
      url: "https://pub.dev"
    source: hosted
    version: "1.0.1"
  firebase_core_platform_interface:
    dependency: transitive
    description:
      name: firebase_core_platform_interface
      sha256: c8c6d394b2dcf84a00de9a67ce9fedfb29122137c65f33d8ce1a0a12c9ce2a25
      url: "https://pub.dev"
    source: hosted
    version: "4.0.0"
  firebase_core_web:
    dependency: transitive
    description:
      name: firebase_core_web
      sha256: "75b4346691d9384f540265d9ebcdbaf73ae8ecf011d4703900e1e21775d0e1d5"
      url: "https://pub.dev"
    source: hosted
    version: "1.0.1"
  flutter:
    dependency: "direct main"
    description: flutter
    source: sdk
    version: "0.0.0"
  flutter_web_plugins:
    dependency: transitive
    description: flutter
    source: sdk
    version: "0.0.0"
  js:
    dependency: transitive
    description:
      name: js
      sha256: d9bdfd70d828eeb352390f81b18d6a354ef2044aa28ef25682079797fa7cd174
      url: "https://pub.dev"
    source: hosted
    version: "0.6.3"
  material_color_utilities:
    dependency: transitive
    description:
      name: material_color_utilities
      sha256: "9528f2f296073ff54cb9fee677df673ace1218163c3bc7628093e7eed5203d41"
      url: "https://pub.dev"
    source: hosted
    version: "0.5.0"
  meta:
    dependency: transitive
    description:
      name: meta
      sha256: a6e590c838b18133bb482a2745ad77c5bb7715fb0451209e1a7567d416678b8e
      url: "https://pub.dev"
    source: hosted
    version: "1.10.0"
  plugin_platform_interface:
    dependency: transitive
    description:
      name: plugin_platform_interface
      sha256: c2c49e16d42fd6983eb55e44b7f197fdf16b4da7aab7f8e1d21da307cad3fb02
      url: "https://pub.dev"
    source: hosted
    version: "2.0.0"
  sky_engine:
    dependency: transitive
    description: flutter
    source: sdk
    version: "0.0.99"
  vector_math:
    dependency: transitive
    description:
      name: vector_math
      sha256: "80b3257d1492ce4d091729e3a67a60407d227c27241d6927be0130c98e741803"
      url: "https://pub.dev"
    source: hosted
    version: "2.1.4"
  web:
    dependency: transitive
    description:
      name: web
      sha256: afe077240a270dcfd2aafe77602b4113645af95d0ad31128cc02bce5ac5d5152
      url: "https://pub.dev"
    source: hosted
    version: "0.3.0"
sdks:
  dart: ">=3.2.0-194.0.dev <4.0.0"
  flutter: ">=1.12.13+hotfix.5"
